
Microsoft Visual Studio Solution File, Format Version 12.00
# Visual Studio Version 16
VisualStudioVersion = 16.0.29728.190
MinimumVisualStudioVersion = 10.0.40219.1
Project("{FAE04EC0-301F-11D3-BF4B-00C04F79EFBC}") = "Lab4.2", "Lab4.2\Lab4.2.csproj", "{D1E24D5F-D76A-4451-B0CC-42F1946B5325}"
EndProject
Global
	GlobalSection(SolutionConfigurationPlatforms) = preSolution
		Debug|Any CPU = Debug|Any CPU
		Release|Any CPU = Release|Any CPU
	EndGlobalSection
	GlobalSection(ProjectConfigurationPlatforms) = postSolution
		{D1E24D5F-D76A-4451-B0CC-42F1946B5325}.Debug|Any CPU.ActiveCfg = Debug|Any CPU
		{D1E24D5F-D76A-4451-B0CC-42F1946B5325}.Debug|Any CPU.Build.0 = Debug|Any CPU
		{D1E24D5F-D76A-4451-B0CC-42F1946B5325}.Release|Any CPU.ActiveCfg = Release|Any CPU
		{D1E24D5F-D76A-4451-B0CC-42F1946B5325}.Release|Any CPU.Build.0 = Release|Any CPU
	EndGlobalSection
	GlobalSection(SolutionProperties) = preSolution
		HideSolutionNode = FALSE
	EndGlobalSection
	GlobalSection(ExtensibilityGlobals) = postSolution
		SolutionGuid = {4CD02AA8-4581-433C-A28C-C34DE3BFD9A1}
	EndGlobalSection
EndGlobal
